
Microsoft Visual Studio Solution File, Format Version 12.00
# Visual Studio 15
VisualStudioVersion = 15.0.26730.16
MinimumVisualStudioVersion = 10.0.40219.1
Project("{FAE04EC0-301F-11D3-BF4B-00C04F79EFBC}") = "EnvControllers", "MultiBot\EnvControllers.csproj", "{88977AD8-E426-433D-A5A9-7E930737A166}"
EndProject
Project("{FAE04EC0-301F-11D3-BF4B-00C04F79EFBC}") = "TestLogClass", "..\TestLogClass\TestLogClass\TestLogClass.csproj", "{3B420571-DE2E-4735-8EDE-757C772F021B}"
EndProject
Global
	GlobalSection(SolutionConfigurationPlatforms) = preSolution
		Debug|Any CPU = Debug|Any CPU
		Release|Any CPU = Release|Any CPU
	EndGlobalSection
	GlobalSection(ProjectConfigurationPlatforms) = postSolution
		{88977AD8-E426-433D-A5A9-7E930737A166}.Debug|Any CPU.ActiveCfg = Debug|Any CPU
		{88977AD8-E426-433D-A5A9-7E930737A166}.Debug|Any CPU.Build.0 = Debug|Any CPU
		{88977AD8-E426-433D-A5A9-7E930737A166}.Release|Any CPU.ActiveCfg = Release|Any CPU
		{88977AD8-E426-433D-A5A9-7E930737A166}.Release|Any CPU.Build.0 = Release|Any CPU
		{3B420571-DE2E-4735-8EDE-757C772F021B}.Debug|Any CPU.ActiveCfg = Debug|Any CPU
		{3B420571-DE2E-4735-8EDE-757C772F021B}.Debug|Any CPU.Build.0 = Debug|Any CPU
		{3B420571-DE2E-4735-8EDE-757C772F021B}.Release|Any CPU.ActiveCfg = Release|Any CPU
		{3B420571-DE2E-4735-8EDE-757C772F021B}.Release|Any CPU.Build.0 = Release|Any CPU
	EndGlobalSection
	GlobalSection(SolutionProperties) = preSolution
		HideSolutionNode = FALSE
	EndGlobalSection
	GlobalSection(ExtensibilityGlobals) = postSolution
		SolutionGuid = {B108A2E6-58B3-4113-9A4A-D860AEDB62C5}
	EndGlobalSection
EndGlobal
